
Microsoft Visual Studio Solution File, Format Version 12.00
# Visual Studio Version 17
VisualStudioVersion = 17.3.32929.385
MinimumVisualStudioVersion = 10.0.40219.1
Project("{FAE04EC0-301F-11D3-BF4B-00C04F79EFBC}") = "ispit", "ispit\ispit.csproj", "{93E36937-F064-40A7-B97A-69DFC69D87E4}"
EndProject
Global
	GlobalSection(SolutionConfigurationPlatforms) = preSolution
		Debug|Any CPU = Debug|Any CPU
		Release|Any CPU = Release|Any CPU
	EndGlobalSection
	GlobalSection(ProjectConfigurationPlatforms) = postSolution
		{93E36937-F064-40A7-B97A-69DFC69D87E4}.Debug|Any CPU.ActiveCfg = Debug|Any CPU
		{93E36937-F064-40A7-B97A-69DFC69D87E4}.Debug|Any CPU.Build.0 = Debug|Any CPU
		{93E36937-F064-40A7-B97A-69DFC69D87E4}.Release|Any CPU.ActiveCfg = Release|Any CPU
		{93E36937-F064-40A7-B97A-69DFC69D87E4}.Release|Any CPU.Build.0 = Release|Any CPU
	EndGlobalSection
	GlobalSection(SolutionProperties) = preSolution
		HideSolutionNode = FALSE
	EndGlobalSection
	GlobalSection(ExtensibilityGlobals) = postSolution
		SolutionGuid = {76AB1CF0-450E-4553-96F5-FB5D589B22B8}
	EndGlobalSection
EndGlobal
